
Microsoft Visual Studio Solution File, Format Version 12.00
# Visual Studio 15
VisualStudioVersion = 15.0.27004.2008
MinimumVisualStudioVersion = 10.0.40219.1
Project("{9A19103F-16F7-4668-BE54-9A1E7A4F7556}") = "StringTokenFormatter", "StringTokenFormatter\StringTokenFormatter.csproj", "{F4B7425A-2A79-4665-A58F-6BCE3E9C1730}"
EndProject
Project("{9A19103F-16F7-4668-BE54-9A1E7A4F7556}") = "StringTokenFormatter.Tests", "StringTokenFormatter.Tests\StringTokenFormatter.Tests.csproj", "{717ECE3B-EE2D-4966-ABB7-15A1F3593C9D}"
EndProject
Project("{2150E333-8FDC-42A3-9474-1A3956D46DE8}") = "Solution Items", "Solution Items", "{13FD0AB1-09CD-44A0-9C99-B15D1AE60D2B}"
	ProjectSection(SolutionItems) = preProject
		README.md = README.md
	EndProjectSection
EndProject
Global
	GlobalSection(SolutionConfigurationPlatforms) = preSolution
		Debug|Any CPU = Debug|Any CPU
		Release|Any CPU = Release|Any CPU
	EndGlobalSection
	GlobalSection(ProjectConfigurationPlatforms) = postSolution
		{F4B7425A-2A79-4665-A58F-6BCE3E9C1730}.Debug|Any CPU.ActiveCfg = Debug|Any CPU
		{F4B7425A-2A79-4665-A58F-6BCE3E9C1730}.Debug|Any CPU.Build.0 = Debug|Any CPU
		{F4B7425A-2A79-4665-A58F-6BCE3E9C1730}.Release|Any CPU.ActiveCfg = Release|Any CPU
		{F4B7425A-2A79-4665-A58F-6BCE3E9C1730}.Release|Any CPU.Build.0 = Release|Any CPU
		{717ECE3B-EE2D-4966-ABB7-15A1F3593C9D}.Debug|Any CPU.ActiveCfg = Debug|Any CPU
		{717ECE3B-EE2D-4966-ABB7-15A1F3593C9D}.Debug|Any CPU.Build.0 = Debug|Any CPU
		{717ECE3B-EE2D-4966-ABB7-15A1F3593C9D}.Release|Any CPU.ActiveCfg = Release|Any CPU
		{717ECE3B-EE2D-4966-ABB7-15A1F3593C9D}.Release|Any CPU.Build.0 = Release|Any CPU
	EndGlobalSection
	GlobalSection(SolutionProperties) = preSolution
		HideSolutionNode = FALSE
	EndGlobalSection
	GlobalSection(ExtensibilityGlobals) = postSolution
		SolutionGuid = {4B706085-4973-4F67-819F-FF99C569B7C8}
	EndGlobalSection
EndGlobal
