
Microsoft Visual Studio Solution File, Format Version 12.00
# Visual Studio 15
VisualStudioVersion = 15.0.26730.16
MinimumVisualStudioVersion = 10.0.40219.1
Project("{FAE04EC0-301F-11D3-BF4B-00C04F79EFBC}") = "StringTokenFormatter", "StringTokenFormatter\StringTokenFormatter.csproj", "{F4B7425A-2A79-4665-A58F-6BCE3E9C1730}"
EndProject
Project("{FAE04EC0-301F-11D3-BF4B-00C04F79EFBC}") = "StringTokenFormatter.Tests", "StringTokenFormatter.Tests\StringTokenFormatter.Tests.csproj", "{0BFEECA0-9F74-4D29-9192-BF785CF46CE8}"
EndProject
Project("{FAE04EC0-301F-11D3-BF4B-00C04F79EFBC}") = "StringTokenFormatter.Packager", "StringTokenFormatter.Packager\StringTokenFormatter.Packager.csproj", "{0451BAEF-DF2E-4B98-8644-94EE9415E389}"
EndProject
Project("{FAE04EC0-301F-11D3-BF4B-00C04F79EFBC}") = "StringTokenFormatterStandard", "StringTokenFormatterStandard\StringTokenFormatterStandard.csproj", "{A07B720D-8B5F-43C6-A3FF-6BC1E3A96706}"
EndProject
Project("{FAE04EC0-301F-11D3-BF4B-00C04F79EFBC}") = "StringTokenFormatterStandard.Tests", "StringTokenFormatterStandard.Tests\StringTokenFormatterStandard.Tests.csproj", "{CAA72DE9-7608-4C0F-9598-719465F85876}"
EndProject
Global
	GlobalSection(SolutionConfigurationPlatforms) = preSolution
		Debug|Any CPU = Debug|Any CPU
		Release|Any CPU = Release|Any CPU
	EndGlobalSection
	GlobalSection(ProjectConfigurationPlatforms) = postSolution
		{F4B7425A-2A79-4665-A58F-6BCE3E9C1730}.Debug|Any CPU.ActiveCfg = Debug|Any CPU
		{F4B7425A-2A79-4665-A58F-6BCE3E9C1730}.Debug|Any CPU.Build.0 = Debug|Any CPU
		{F4B7425A-2A79-4665-A58F-6BCE3E9C1730}.Release|Any CPU.ActiveCfg = Release|Any CPU
		{F4B7425A-2A79-4665-A58F-6BCE3E9C1730}.Release|Any CPU.Build.0 = Release|Any CPU
		{0BFEECA0-9F74-4D29-9192-BF785CF46CE8}.Debug|Any CPU.ActiveCfg = Debug|Any CPU
		{0BFEECA0-9F74-4D29-9192-BF785CF46CE8}.Debug|Any CPU.Build.0 = Debug|Any CPU
		{0BFEECA0-9F74-4D29-9192-BF785CF46CE8}.Release|Any CPU.ActiveCfg = Release|Any CPU
		{0BFEECA0-9F74-4D29-9192-BF785CF46CE8}.Release|Any CPU.Build.0 = Release|Any CPU
		{0451BAEF-DF2E-4B98-8644-94EE9415E389}.Debug|Any CPU.ActiveCfg = Debug|Any CPU
		{0451BAEF-DF2E-4B98-8644-94EE9415E389}.Debug|Any CPU.Build.0 = Debug|Any CPU
		{0451BAEF-DF2E-4B98-8644-94EE9415E389}.Release|Any CPU.ActiveCfg = Release|Any CPU
		{0451BAEF-DF2E-4B98-8644-94EE9415E389}.Release|Any CPU.Build.0 = Release|Any CPU
		{A07B720D-8B5F-43C6-A3FF-6BC1E3A96706}.Debug|Any CPU.ActiveCfg = Debug|Any CPU
		{A07B720D-8B5F-43C6-A3FF-6BC1E3A96706}.Debug|Any CPU.Build.0 = Debug|Any CPU
		{A07B720D-8B5F-43C6-A3FF-6BC1E3A96706}.Release|Any CPU.ActiveCfg = Release|Any CPU
		{A07B720D-8B5F-43C6-A3FF-6BC1E3A96706}.Release|Any CPU.Build.0 = Release|Any CPU
		{CAA72DE9-7608-4C0F-9598-719465F85876}.Debug|Any CPU.ActiveCfg = Debug|Any CPU
		{CAA72DE9-7608-4C0F-9598-719465F85876}.Debug|Any CPU.Build.0 = Debug|Any CPU
		{CAA72DE9-7608-4C0F-9598-719465F85876}.Release|Any CPU.ActiveCfg = Release|Any CPU
		{CAA72DE9-7608-4C0F-9598-719465F85876}.Release|Any CPU.Build.0 = Release|Any CPU
	EndGlobalSection
	GlobalSection(SolutionProperties) = preSolution
		HideSolutionNode = FALSE
	EndGlobalSection
	GlobalSection(ExtensibilityGlobals) = postSolution
		SolutionGuid = {4B706085-4973-4F67-819F-FF99C569B7C8}
	EndGlobalSection
EndGlobal
