
Microsoft Visual Studio Solution File, Format Version 12.00
# Visual Studio 15
VisualStudioVersion = 15.0.27004.2005
MinimumVisualStudioVersion = 10.0.40219.1
Project("{FAE04EC0-301F-11D3-BF4B-00C04F79EFBC}") = "StringTokenFormatter", "StringTokenFormatter\StringTokenFormatter.csproj", "{F4B7425A-2A79-4665-A58F-6BCE3E9C1730}"
EndProject
Project("{FAE04EC0-301F-11D3-BF4B-00C04F79EFBC}") = "StringTokenFormatter.Tests", "StringTokenFormatter.Tests\StringTokenFormatter.Tests.csproj", "{0BFEECA0-9F74-4D29-9192-BF785CF46CE8}"
EndProject
Project("{FAE04EC0-301F-11D3-BF4B-00C04F79EFBC}") = "StringTokenFormatter.Packager", "StringTokenFormatter.Packager\StringTokenFormatter.Packager.csproj", "{0451BAEF-DF2E-4B98-8644-94EE9415E389}"
EndProject
Project("{D954291E-2A0B-460D-934E-DC6B0785DB48}") = "StringTokenFormatter.Shared", "StringTokenFormatter.Shared\StringTokenFormatter.Shared.shproj", "{7C232228-E18A-47F6-B7DB-EDE10485E727}"
EndProject
Project("{FAE04EC0-301F-11D3-BF4B-00C04F79EFBC}") = "StringTokenFormatter.NetCore2.0", "StringTokenFormatter.NetCore2.0\StringTokenFormatter.NetCore2.0.csproj", "{73222C4D-4E34-4604-AEF9-CC5F4DC7D6F7}"
EndProject
Project("{FAE04EC0-301F-11D3-BF4B-00C04F79EFBC}") = "StringTokenFormatter.Netcore1.1", "StringTokenFormatter.Netcore1.1\StringTokenFormatter.Netcore1.1.csproj", "{EAEBF3CC-3A4D-4C76-AB40-C9E6881305F6}"
EndProject
Global
	GlobalSection(SharedMSBuildProjectFiles) = preSolution
		StringTokenFormatter.Shared\StringTokenFormatter.Shared.projitems*{7c232228-e18a-47f6-b7db-ede10485e727}*SharedItemsImports = 13
		StringTokenFormatter.Shared\StringTokenFormatter.Shared.projitems*{f4b7425a-2a79-4665-a58f-6bce3e9c1730}*SharedItemsImports = 4
	EndGlobalSection
	GlobalSection(SolutionConfigurationPlatforms) = preSolution
		Debug|Any CPU = Debug|Any CPU
		Release|Any CPU = Release|Any CPU
	EndGlobalSection
	GlobalSection(ProjectConfigurationPlatforms) = postSolution
		{F4B7425A-2A79-4665-A58F-6BCE3E9C1730}.Debug|Any CPU.ActiveCfg = Debug|Any CPU
		{F4B7425A-2A79-4665-A58F-6BCE3E9C1730}.Debug|Any CPU.Build.0 = Debug|Any CPU
		{F4B7425A-2A79-4665-A58F-6BCE3E9C1730}.Release|Any CPU.ActiveCfg = Release|Any CPU
		{F4B7425A-2A79-4665-A58F-6BCE3E9C1730}.Release|Any CPU.Build.0 = Release|Any CPU
		{0BFEECA0-9F74-4D29-9192-BF785CF46CE8}.Debug|Any CPU.ActiveCfg = Debug|Any CPU
		{0BFEECA0-9F74-4D29-9192-BF785CF46CE8}.Debug|Any CPU.Build.0 = Debug|Any CPU
		{0BFEECA0-9F74-4D29-9192-BF785CF46CE8}.Release|Any CPU.ActiveCfg = Release|Any CPU
		{0BFEECA0-9F74-4D29-9192-BF785CF46CE8}.Release|Any CPU.Build.0 = Release|Any CPU
		{0451BAEF-DF2E-4B98-8644-94EE9415E389}.Debug|Any CPU.ActiveCfg = Debug|Any CPU
		{0451BAEF-DF2E-4B98-8644-94EE9415E389}.Debug|Any CPU.Build.0 = Debug|Any CPU
		{0451BAEF-DF2E-4B98-8644-94EE9415E389}.Release|Any CPU.ActiveCfg = Release|Any CPU
		{0451BAEF-DF2E-4B98-8644-94EE9415E389}.Release|Any CPU.Build.0 = Release|Any CPU
		{73222C4D-4E34-4604-AEF9-CC5F4DC7D6F7}.Debug|Any CPU.ActiveCfg = Debug|Any CPU
		{73222C4D-4E34-4604-AEF9-CC5F4DC7D6F7}.Debug|Any CPU.Build.0 = Debug|Any CPU
		{73222C4D-4E34-4604-AEF9-CC5F4DC7D6F7}.Release|Any CPU.ActiveCfg = Release|Any CPU
		{73222C4D-4E34-4604-AEF9-CC5F4DC7D6F7}.Release|Any CPU.Build.0 = Release|Any CPU
		{EAEBF3CC-3A4D-4C76-AB40-C9E6881305F6}.Debug|Any CPU.ActiveCfg = Debug|Any CPU
		{EAEBF3CC-3A4D-4C76-AB40-C9E6881305F6}.Debug|Any CPU.Build.0 = Debug|Any CPU
		{EAEBF3CC-3A4D-4C76-AB40-C9E6881305F6}.Release|Any CPU.ActiveCfg = Release|Any CPU
		{EAEBF3CC-3A4D-4C76-AB40-C9E6881305F6}.Release|Any CPU.Build.0 = Release|Any CPU
	EndGlobalSection
	GlobalSection(SolutionProperties) = preSolution
		HideSolutionNode = FALSE
	EndGlobalSection
	GlobalSection(ExtensibilityGlobals) = postSolution
		SolutionGuid = {F198AB7F-2667-439D-87F3-8C7642EAB85B}
	EndGlobalSection
EndGlobal
